
Microsoft Visual Studio Solution File, Format Version 12.00
# Visual Studio Version 16
VisualStudioVersion = 16.0.30907.101
MinimumVisualStudioVersion = 10.0.40219.1
Project("{FAE04EC0-301F-11D3-BF4B-00C04F79EFBC}") = "MyFirstApp", "MyFirstApp\MyFirstApp.csproj", "{974D3FEE-E3EF-408B-B2BC-F4790F067546}"
EndProject
Global
	GlobalSection(SolutionConfigurationPlatforms) = preSolution
		Debug|Any CPU = Debug|Any CPU
		Release|Any CPU = Release|Any CPU
	EndGlobalSection
	GlobalSection(ProjectConfigurationPlatforms) = postSolution
		{974D3FEE-E3EF-408B-B2BC-F4790F067546}.Debug|Any CPU.ActiveCfg = Debug|Any CPU
		{974D3FEE-E3EF-408B-B2BC-F4790F067546}.Debug|Any CPU.Build.0 = Debug|Any CPU
		{974D3FEE-E3EF-408B-B2BC-F4790F067546}.Release|Any CPU.ActiveCfg = Release|Any CPU
		{974D3FEE-E3EF-408B-B2BC-F4790F067546}.Release|Any CPU.Build.0 = Release|Any CPU
	EndGlobalSection
	GlobalSection(SolutionProperties) = preSolution
		HideSolutionNode = FALSE
	EndGlobalSection
	GlobalSection(ExtensibilityGlobals) = postSolution
		SolutionGuid = {4956DB2E-37C9-4D79-B955-66B5D237FC4C}
	EndGlobalSection
EndGlobal
